
Microsoft Visual Studio Solution File, Format Version 12.00
# Visual Studio Version 16
VisualStudioVersion = 16.0.31105.61
MinimumVisualStudioVersion = 10.0.40219.1
Project("{FAE04EC0-301F-11D3-BF4B-00C04F79EFBC}") = "CSharp_OrderConfirmation", "CSharp_OrderConfirmation\CSharp_OrderConfirmation.csproj", "{E247DDDD-A8AF-43A9-9838-0D25A523D38D}"
EndProject
Global
	GlobalSection(SolutionConfigurationPlatforms) = preSolution
		Debug|Any CPU = Debug|Any CPU
		Release|Any CPU = Release|Any CPU
	EndGlobalSection
	GlobalSection(ProjectConfigurationPlatforms) = postSolution
		{E247DDDD-A8AF-43A9-9838-0D25A523D38D}.Debug|Any CPU.ActiveCfg = Debug|Any CPU
		{E247DDDD-A8AF-43A9-9838-0D25A523D38D}.Debug|Any CPU.Build.0 = Debug|Any CPU
		{E247DDDD-A8AF-43A9-9838-0D25A523D38D}.Release|Any CPU.ActiveCfg = Release|Any CPU
		{E247DDDD-A8AF-43A9-9838-0D25A523D38D}.Release|Any CPU.Build.0 = Release|Any CPU
	EndGlobalSection
	GlobalSection(SolutionProperties) = preSolution
		HideSolutionNode = FALSE
	EndGlobalSection
	GlobalSection(ExtensibilityGlobals) = postSolution
		SolutionGuid = {207D78DE-78C3-43DA-B4EE-380885873A3B}
	EndGlobalSection
EndGlobal
